
Microsoft Visual Studio Solution File, Format Version 12.00
# Visual Studio 2012
Project("{FAE04EC0-301F-11D3-BF4B-00C04F79EFBC}") = "CentralLog.Listener", "CentralLog.Listener\CentralLog.Listener.csproj", "{9CEF9506-4C8A-4718-8E5D-585D554E639A}"
EndProject
Project("{FAE04EC0-301F-11D3-BF4B-00C04F79EFBC}") = "CentralLog.EventGeneratorDemo", "CentralLog.EventGeneratorDemo\CentralLog.EventGeneratorDemo.csproj", "{910A397D-F5A1-4C3D-BF32-4EA19B845A3D}"
EndProject
Project("{FAE04EC0-301F-11D3-BF4B-00C04F79EFBC}") = "CentralLog.Core", "CentralLog.Core\CentralLog.Core.csproj", "{72FBFCC0-CC78-437D-B112-4B95AFD05129}"
EndProject
Project("{FAE04EC0-301F-11D3-BF4B-00C04F79EFBC}") = "CentralLog.Web", "CentralLog.Web\CentralLog.Web.csproj", "{D2D0B84F-8C26-4A6A-A8F2-F5A407C86A5D}"
EndProject
Global
	GlobalSection(SolutionConfigurationPlatforms) = preSolution
		Debug|Any CPU = Debug|Any CPU
		Release|Any CPU = Release|Any CPU
	EndGlobalSection
	GlobalSection(ProjectConfigurationPlatforms) = postSolution
		{9CEF9506-4C8A-4718-8E5D-585D554E639A}.Debug|Any CPU.ActiveCfg = Debug|Any CPU
		{9CEF9506-4C8A-4718-8E5D-585D554E639A}.Debug|Any CPU.Build.0 = Debug|Any CPU
		{9CEF9506-4C8A-4718-8E5D-585D554E639A}.Release|Any CPU.ActiveCfg = Release|Any CPU
		{9CEF9506-4C8A-4718-8E5D-585D554E639A}.Release|Any CPU.Build.0 = Release|Any CPU
		{910A397D-F5A1-4C3D-BF32-4EA19B845A3D}.Debug|Any CPU.ActiveCfg = Debug|Any CPU
		{910A397D-F5A1-4C3D-BF32-4EA19B845A3D}.Debug|Any CPU.Build.0 = Debug|Any CPU
		{910A397D-F5A1-4C3D-BF32-4EA19B845A3D}.Release|Any CPU.ActiveCfg = Release|Any CPU
		{910A397D-F5A1-4C3D-BF32-4EA19B845A3D}.Release|Any CPU.Build.0 = Release|Any CPU
		{72FBFCC0-CC78-437D-B112-4B95AFD05129}.Debug|Any CPU.ActiveCfg = Debug|Any CPU
		{72FBFCC0-CC78-437D-B112-4B95AFD05129}.Debug|Any CPU.Build.0 = Debug|Any CPU
		{72FBFCC0-CC78-437D-B112-4B95AFD05129}.Release|Any CPU.ActiveCfg = Release|Any CPU
		{72FBFCC0-CC78-437D-B112-4B95AFD05129}.Release|Any CPU.Build.0 = Release|Any CPU
		{D2D0B84F-8C26-4A6A-A8F2-F5A407C86A5D}.Debug|Any CPU.ActiveCfg = Debug|Any CPU
		{D2D0B84F-8C26-4A6A-A8F2-F5A407C86A5D}.Debug|Any CPU.Build.0 = Debug|Any CPU
		{D2D0B84F-8C26-4A6A-A8F2-F5A407C86A5D}.Release|Any CPU.ActiveCfg = Release|Any CPU
		{D2D0B84F-8C26-4A6A-A8F2-F5A407C86A5D}.Release|Any CPU.Build.0 = Release|Any CPU
	EndGlobalSection
	GlobalSection(SolutionProperties) = preSolution
		HideSolutionNode = FALSE
	EndGlobalSection
EndGlobal
